{
  "name": "sportshub-erd-diagram",
  "lockfileVersion": 3,
  "requires": true,
  "packages": {
    "": {
      "name": "sportshub-erd-diagram",
      "dependencies": {
        "elkjs": "^0.10.0"
      }
    },
    "node_modules/elkjs": {
      "version": "0.10.2",
      "resolved": "https://registry.npmjs.org/elkjs/-/elkjs-0.10.2.tgz",
      "integrity": "sha512-Yx3ORtbAFrXelYkAy2g0eYyVY8QG0XEmGdQXmy0eithKKjbWRfl3Xe884lfkszfBF6UKyIy4LwfcZ3AZc8oxFw==",
      "license": "EPL-2.0"
    }
  }
}
